
Microsoft Visual Studio Solution File, Format Version 12.00
# Visual Studio Version 16
VisualStudioVersion = 16.0.31019.35
MinimumVisualStudioVersion = 10.0.40219.1
Project("{FAE04EC0-301F-11D3-BF4B-00C04F79EFBC}") = "LogicAciSample", "LogicAciSample\LogicAciSample.csproj", "{DB420C75-09C0-413F-A320-2E2D491487BF}"
EndProject
Global
	GlobalSection(SolutionConfigurationPlatforms) = preSolution
		Debug|Any CPU = Debug|Any CPU
		Release|Any CPU = Release|Any CPU
	EndGlobalSection
	GlobalSection(ProjectConfigurationPlatforms) = postSolution
		{DB420C75-09C0-413F-A320-2E2D491487BF}.Debug|Any CPU.ActiveCfg = Debug|Any CPU
		{DB420C75-09C0-413F-A320-2E2D491487BF}.Debug|Any CPU.Build.0 = Debug|Any CPU
		{DB420C75-09C0-413F-A320-2E2D491487BF}.Release|Any CPU.ActiveCfg = Release|Any CPU
		{DB420C75-09C0-413F-A320-2E2D491487BF}.Release|Any CPU.Build.0 = Release|Any CPU
	EndGlobalSection
	GlobalSection(SolutionProperties) = preSolution
		HideSolutionNode = FALSE
	EndGlobalSection
	GlobalSection(ExtensibilityGlobals) = postSolution
		SolutionGuid = {E1DFADB1-1221-4972-BC35-2256BB3CF99E}
	EndGlobalSection
EndGlobal
